
Microsoft Visual Studio Solution File, Format Version 12.00
# Visual Studio Version 17
VisualStudioVersion = 17.4.33205.214
MinimumVisualStudioVersion = 10.0.40219.1
Project("{FAE04EC0-301F-11D3-BF4B-00C04F79EFBC}") = "BibleTaggingPreperation", "BibleTaggingPreperation.csproj", "{4FDB3EB3-9978-449B-94F9-A8E69B065330}"
EndProject
Global
	GlobalSection(SolutionConfigurationPlatforms) = preSolution
		Debug|Any CPU = Debug|Any CPU
		Release|Any CPU = Release|Any CPU
	EndGlobalSection
	GlobalSection(ProjectConfigurationPlatforms) = postSolution
		{4FDB3EB3-9978-449B-94F9-A8E69B065330}.Debug|Any CPU.ActiveCfg = Debug|Any CPU
		{4FDB3EB3-9978-449B-94F9-A8E69B065330}.Debug|Any CPU.Build.0 = Debug|Any CPU
		{4FDB3EB3-9978-449B-94F9-A8E69B065330}.Release|Any CPU.ActiveCfg = Release|Any CPU
		{4FDB3EB3-9978-449B-94F9-A8E69B065330}.Release|Any CPU.Build.0 = Release|Any CPU
	EndGlobalSection
	GlobalSection(SolutionProperties) = preSolution
		HideSolutionNode = FALSE
	EndGlobalSection
	GlobalSection(ExtensibilityGlobals) = postSolution
		SolutionGuid = {B25FA91A-1652-4CFC-99E4-E365F0E18064}
	EndGlobalSection
EndGlobal
