
Microsoft Visual Studio Solution File, Format Version 12.00
# Visual Studio Version 17
VisualStudioVersion = 17.3.32929.385
MinimumVisualStudioVersion = 10.0.40219.1
Project("{FAE04EC0-301F-11D3-BF4B-00C04F79EFBC}") = "GenerateAlignerFiles", "GenerateAlignerFiles.csproj", "{CFC61379-55C5-4EB2-8ECA-FC08E41B4ED2}"
EndProject
Global
	GlobalSection(SolutionConfigurationPlatforms) = preSolution
		Debug|Any CPU = Debug|Any CPU
		Release|Any CPU = Release|Any CPU
	EndGlobalSection
	GlobalSection(ProjectConfigurationPlatforms) = postSolution
		{CFC61379-55C5-4EB2-8ECA-FC08E41B4ED2}.Debug|Any CPU.ActiveCfg = Debug|Any CPU
		{CFC61379-55C5-4EB2-8ECA-FC08E41B4ED2}.Debug|Any CPU.Build.0 = Debug|Any CPU
		{CFC61379-55C5-4EB2-8ECA-FC08E41B4ED2}.Release|Any CPU.ActiveCfg = Release|Any CPU
		{CFC61379-55C5-4EB2-8ECA-FC08E41B4ED2}.Release|Any CPU.Build.0 = Release|Any CPU
	EndGlobalSection
	GlobalSection(SolutionProperties) = preSolution
		HideSolutionNode = FALSE
	EndGlobalSection
	GlobalSection(ExtensibilityGlobals) = postSolution
		SolutionGuid = {B4490472-2550-4D4D-A809-DC0FDB3DAEA3}
	EndGlobalSection
EndGlobal
