
Microsoft Visual Studio Solution File, Format Version 12.00
# Visual Studio Version 17
VisualStudioVersion = 17.3.32929.385
MinimumVisualStudioVersion = 10.0.40219.1
Project("{9A19103F-16F7-4668-BE54-9A1E7A4F7556}") = "CleanArabicText", "CleanArabicText.csproj", "{6ACB58FA-AB45-4953-BEA4-D6A12ADAE59C}"
EndProject
Global
	GlobalSection(SolutionConfigurationPlatforms) = preSolution
		Debug|Any CPU = Debug|Any CPU
		Release|Any CPU = Release|Any CPU
	EndGlobalSection
	GlobalSection(ProjectConfigurationPlatforms) = postSolution
		{6ACB58FA-AB45-4953-BEA4-D6A12ADAE59C}.Debug|Any CPU.ActiveCfg = Debug|Any CPU
		{6ACB58FA-AB45-4953-BEA4-D6A12ADAE59C}.Debug|Any CPU.Build.0 = Debug|Any CPU
		{6ACB58FA-AB45-4953-BEA4-D6A12ADAE59C}.Release|Any CPU.ActiveCfg = Release|Any CPU
		{6ACB58FA-AB45-4953-BEA4-D6A12ADAE59C}.Release|Any CPU.Build.0 = Release|Any CPU
	EndGlobalSection
	GlobalSection(SolutionProperties) = preSolution
		HideSolutionNode = FALSE
	EndGlobalSection
	GlobalSection(ExtensibilityGlobals) = postSolution
		SolutionGuid = {822D6A15-43B3-402C-858C-7A58EDDC2BD5}
	EndGlobalSection
EndGlobal
