
Microsoft Visual Studio Solution File, Format Version 12.00
# Visual Studio Version 17
VisualStudioVersion = 17.3.32929.385
MinimumVisualStudioVersion = 10.0.40219.1
Project("{FAE04EC0-301F-11D3-BF4B-00C04F79EFBC}") = "GenerateGreekAndTags", "GenerateGreekAndTags.csproj", "{B574E67E-7A78-4673-95E0-66788CE30525}"
EndProject
Global
	GlobalSection(SolutionConfigurationPlatforms) = preSolution
		Debug|Any CPU = Debug|Any CPU
		Release|Any CPU = Release|Any CPU
	EndGlobalSection
	GlobalSection(ProjectConfigurationPlatforms) = postSolution
		{B574E67E-7A78-4673-95E0-66788CE30525}.Debug|Any CPU.ActiveCfg = Debug|Any CPU
		{B574E67E-7A78-4673-95E0-66788CE30525}.Debug|Any CPU.Build.0 = Debug|Any CPU
		{B574E67E-7A78-4673-95E0-66788CE30525}.Release|Any CPU.ActiveCfg = Release|Any CPU
		{B574E67E-7A78-4673-95E0-66788CE30525}.Release|Any CPU.Build.0 = Release|Any CPU
	EndGlobalSection
	GlobalSection(SolutionProperties) = preSolution
		HideSolutionNode = FALSE
	EndGlobalSection
	GlobalSection(ExtensibilityGlobals) = postSolution
		SolutionGuid = {42758EF4-0FFF-4A42-8477-BE836A2EB902}
	EndGlobalSection
EndGlobal
